github.com/daulet/tokenizers v1.22.2 h1:Md/N+hwnhZfYFWocGJjrnPVgB+CivTZcCmroLixKHtI=
github.com/daulet/tokenizers v1.22.2/go.mod h1:tGnMdZthXdcWY6DGD07IygpwJqiPvG85FQUnhs/wSCs=
github.com/yalue/onnxruntime_go v1.21.0 h1:DdtvfY7OP5gR8mwPDqAOAQckf+KcI30hPNJL8hQaYWI=
github.com/yalue/onnxruntime_go v1.21.0/go.mod h1:b4X26A8pekNb1ACJ58wAXgNKeUCGEAQ9dmACut9Sm/4=
